
Microsoft Visual Studio Solution File, Format Version 12.00
# Visual Studio Version 16
VisualStudioVersion = 16.0.30523.141
MinimumVisualStudioVersion = 10.0.40219.1
Project("{FAE04EC0-301F-11D3-BF4B-00C04F79EFBC}") = "SkillsTracker", "SkillsTracker.csproj", "{EC0D11AC-BFBF-4B8D-AF33-0B43C2D36B20}"
EndProject
Global
	GlobalSection(SolutionConfigurationPlatforms) = preSolution
		Debug|Any CPU = Debug|Any CPU
		Release|Any CPU = Release|Any CPU
	EndGlobalSection
	GlobalSection(ProjectConfigurationPlatforms) = postSolution
		{EC0D11AC-BFBF-4B8D-AF33-0B43C2D36B20}.Debug|Any CPU.ActiveCfg = Debug|Any CPU
		{EC0D11AC-BFBF-4B8D-AF33-0B43C2D36B20}.Debug|Any CPU.Build.0 = Debug|Any CPU
		{EC0D11AC-BFBF-4B8D-AF33-0B43C2D36B20}.Release|Any CPU.ActiveCfg = Release|Any CPU
		{EC0D11AC-BFBF-4B8D-AF33-0B43C2D36B20}.Release|Any CPU.Build.0 = Release|Any CPU
	EndGlobalSection
	GlobalSection(SolutionProperties) = preSolution
		HideSolutionNode = FALSE
	EndGlobalSection
	GlobalSection(ExtensibilityGlobals) = postSolution
		SolutionGuid = {77E2EE03-D70F-4935-8065-B5EABC00362D}
	EndGlobalSection
EndGlobal
